// !$*UTF8*$!
{
	archiveVersion = 1;
	classes = {
	};
	objectVersion = 56;
	objects = {

/* Begin PBXBuildFile section */
		5042D241299447A300BA61DF /* AppDelegate.swift in Sources */ = {isa = PBXBuildFile; fileRef = 5042D240299447A300BA61DF /* AppDelegate.swift */; };
		5042D243299447A300BA61DF /* SceneDelegate.swift in Sources */ = {isa = PBXBuildFile; fileRef = 5042D242299447A300BA61DF /* SceneDelegate.swift */; };
		5042D245299447A300BA61DF /* ViewController.swift in Sources */ = {isa = PBXBuildFile; fileRef = 5042D244299447A300BA61DF /* ViewController.swift */; };
		5042D24A299447A400BA61DF /* Assets.xcassets in Resources */ = {isa = PBXBuildFile; fileRef = 5042D249299447A400BA61DF /* Assets.xcassets */; };
		5042D25629944B6800BA61DF /* DownloadUrlOperation.swift in Sources */ = {isa = PBXBuildFile; fileRef = 5042D25529944B6800BA61DF /* DownloadUrlOperation.swift */; };
		5042D25829944B8D00BA61DF /* DownloadImageOperation.swift in Sources */ = {isa = PBXBuildFile; fileRef = 5042D25729944B8D00BA61DF /* DownloadImageOperation.swift */; };
		50D53F4A2994E57000DDBC2D /* ImageCell.swift in Sources */ = {isa = PBXBuildFile; fileRef = 50D53F492994E57000DDBC2D /* ImageCell.swift */; };
		50D53F4D299512D300DDBC2D /* AsyncOperation.swift in Sources */ = {isa = PBXBuildFile; fileRef = 50D53F4C299512D300DDBC2D /* AsyncOperation.swift */; };
/* End PBXBuildFile section */

/* Begin PBXFileReference section */
		5042D23D299447A300BA61DF /* Bidirectional CollectionView Example.app */ = {isa = PBXFileReference; explicitFileType = wrapper.application; includeInIndex = 0; path = "Bidirectional CollectionView Example.app"; sourceTree = BUILT_PRODUCTS_DIR; };
		5042D240299447A300BA61DF /* AppDelegate.swift */ = {isa = PBXFileReference; lastKnownFileType = sourcecode.swift; path = AppDelegate.swift; sourceTree = "<group>"; };
		5042D242299447A300BA61DF /* SceneDelegate.swift */ = {isa = PBXFileReference; lastKnownFileType = sourcecode.swift; path = SceneDelegate.swift; sourceTree = "<group>"; };
		5042D244299447A300BA61DF /* ViewController.swift */ = {isa = PBXFileReference; lastKnownFileType = sourcecode.swift; path = ViewController.swift; sourceTree = "<group>"; };
		5042D249299447A400BA61DF /* Assets.xcassets */ = {isa = PBXFileReference; lastKnownFileType = folder.assetcatalog; path = Assets.xcassets; sourceTree = "<group>"; };
		5042D24E299447A400BA61DF /* Info.plist */ = {isa = PBXFileReference; lastKnownFileType = text.plist.xml; path = Info.plist; sourceTree = "<group>"; };
		5042D25529944B6800BA61DF /* DownloadUrlOperation.swift */ = {isa = PBXFileReference; lastKnownFileType = sourcecode.swift; path = DownloadUrlOperation.swift; sourceTree = "<group>"; };
		5042D25729944B8D00BA61DF /* DownloadImageOperation.swift */ = {isa = PBXFileReference; lastKnownFileType = sourcecode.swift; path = DownloadImageOperation.swift; sourceTree = "<group>"; };
		50D53F492994E57000DDBC2D /* ImageCell.swift */ = {isa = PBXFileReference; lastKnownFileType = sourcecode.swift; path = ImageCell.swift; sourceTree = "<group>"; };
		50D53F4C299512D300DDBC2D /* AsyncOperation.swift */ = {isa = PBXFileReference; lastKnownFileType = sourcecode.swift; path = AsyncOperation.swift; sourceTree = "<group>"; };
		50D53F4E299532C900DDBC2D /* README.md */ = {isa = PBXFileReference; lastKnownFileType = net.daringfireball.markdown; path = README.md; sourceTree = "<group>"; };
/* End PBXFileReference section */

/* Begin PBXFrameworksBuildPhase section */
		5042D23A299447A300BA61DF /* Frameworks */ = {
			isa = PBXFrameworksBuildPhase;
			buildActionMask = 2147483647;
			files = (
			);
			runOnlyForDeploymentPostprocessing = 0;
		};
/* End PBXFrameworksBuildPhase section */

/* Begin PBXGroup section */
		5042D234299447A300BA61DF = {
			isa = PBXGroup;
			children = (
				50D53F4E299532C900DDBC2D /* README.md */,
				5042D23F299447A300BA61DF /* Bidirectional CollectionView Example */,
				5042D23E299447A300BA61DF /* Products */,
			);
			sourceTree = "<group>";
		};
		5042D23E299447A300BA61DF /* Products */ = {
			isa = PBXGroup;
			children = (
				5042D23D299447A300BA61DF /* Bidirectional CollectionView Example.app */,
			);
			name = Products;
			sourceTree = "<group>";
		};
		5042D23F299447A300BA61DF /* Bidirectional CollectionView Example */ = {
			isa = PBXGroup;
			children = (
				50D53F482994E55F00DDBC2D /* Cells */,
				50D53F4B2994E75D00DDBC2D /* Controller */,
				5042D24E299447A400BA61DF /* Info.plist */,
				5042D240299447A300BA61DF /* AppDelegate.swift */,
				5042D242299447A300BA61DF /* SceneDelegate.swift */,
				5042D249299447A400BA61DF /* Assets.xcassets */,
				5042D25429944B4200BA61DF /* Network */,
			);
			path = "Bidirectional CollectionView Example";
			sourceTree = "<group>";
		};
		5042D25429944B4200BA61DF /* Network */ = {
			isa = PBXGroup;
			children = (
				5042D25529944B6800BA61DF /* DownloadUrlOperation.swift */,
				5042D25729944B8D00BA61DF /* DownloadImageOperation.swift */,
				50D53F4C299512D300DDBC2D /* AsyncOperation.swift */,
			);
			path = Network;
			sourceTree = "<group>";
		};
		50D53F482994E55F00DDBC2D /* Cells */ = {
			isa = PBXGroup;
			children = (
				50D53F492994E57000DDBC2D /* ImageCell.swift */,
			);
			path = Cells;
			sourceTree = "<group>";
		};
		50D53F4B2994E75D00DDBC2D /* Controller */ = {
			isa = PBXGroup;
			children = (
				5042D244299447A300BA61DF /* ViewController.swift */,
			);
			path = Controller;
			sourceTree = "<group>";
		};
/* End PBXGroup section */

/* Begin PBXNativeTarget section */
		5042D23C299447A300BA61DF /* Bidirectional CollectionView Example */ = {
			isa = PBXNativeTarget;
			buildConfigurationList = 5042D251299447A400BA61DF /* Build configuration list for PBXNativeTarget "Bidirectional CollectionView Example" */;
			buildPhases = (
				5042D239299447A300BA61DF /* Sources */,
				5042D23A299447A300BA61DF /* Frameworks */,
				5042D23B299447A300BA61DF /* Resources */,
			);
			buildRules = (
			);
			dependencies = (
			);
			name = "Bidirectional CollectionView Example";
			productName = "Bidirectional CollectionView Example";
			productReference = 5042D23D299447A300BA61DF /* Bidirectional CollectionView Example.app */;
			productType = "com.apple.product-type.application";
		};
/* End PBXNativeTarget section */

/* Begin PBXProject section */
		5042D235299447A300BA61DF /* Project object */ = {
			isa = PBXProject;
			attributes = {
				BuildIndependentTargetsInParallel = 1;
				LastSwiftUpdateCheck = 1420;
				LastUpgradeCheck = 1420;
				TargetAttributes = {
					5042D23C299447A300BA61DF = {
						CreatedOnToolsVersion = 14.2;
					};
				};
			};
			buildConfigurationList = 5042D238299447A300BA61DF /* Build configuration list for PBXProject "Bidirectional CollectionView Example" */;
			compatibilityVersion = "Xcode 14.0";
			developmentRegion = en;
			hasScannedForEncodings = 0;
			knownRegions = (
				en,
				Base,
			);
			mainGroup = 5042D234299447A300BA61DF;
			productRefGroup = 5042D23E299447A300BA61DF /* Products */;
			projectDirPath = "";
			projectRoot = "";
			targets = (
				5042D23C299447A300BA61DF /* Bidirectional CollectionView Example */,
			);
		};
/* End PBXProject section */

/* Begin PBXResourcesBuildPhase section */
		5042D23B299447A300BA61DF /* Resources */ = {
			isa = PBXResourcesBuildPhase;
			buildActionMask = 2147483647;
			files = (
				5042D24A299447A400BA61DF /* Assets.xcassets in Resources */,
			);
			runOnlyForDeploymentPostprocessing = 0;
		};
/* End PBXResourcesBuildPhase section */

/* Begin PBXSourcesBuildPhase section */
		5042D239299447A300BA61DF /* Sources */ = {
			isa = PBXSourcesBuildPhase;
			buildActionMask = 2147483647;
			files = (
				5042D25829944B8D00BA61DF /* DownloadImageOperation.swift in Sources */,
				5042D245299447A300BA61DF /* ViewController.swift in Sources */,
				5042D25629944B6800BA61DF /* DownloadUrlOperation.swift in Sources */,
				5042D241299447A300BA61DF /* AppDelegate.swift in Sources */,
				5042D243299447A300BA61DF /* SceneDelegate.swift in Sources */,
				50D53F4A2994E57000DDBC2D /* ImageCell.swift in Sources */,
				50D53F4D299512D300DDBC2D /* AsyncOperation.swift in Sources */,
			);
			runOnlyForDeploymentPostprocessing = 0;
		};
/* End PBXSourcesBuildPhase section */

/* Begin XCBuildConfiguration section */
		5042D24F299447A400BA61DF /* Debug */ = {
			isa = XCBuildConfiguration;
			buildSettings = {
				ALWAYS_SEARCH_USER_PATHS = NO;
				CLANG_ANALYZER_NONNULL = YES;
				CLANG_ANALYZER_NUMBER_OBJECT_CONVERSION = YES_AGGRESSIVE;
				CLANG_CXX_LANGUAGE_STANDARD = "gnu++20";
				CLANG_ENABLE_MODULES = YES;
				CLANG_ENABLE_OBJC_ARC = YES;
				CLANG_ENABLE_OBJC_WEAK = YES;
				CLANG_WARN_BLOCK_CAPTURE_AUTORELEASING = YES;
				CLANG_WARN_BOOL_CONVERSION = YES;
				CLANG_WARN_COMMA = YES;
				CLANG_WARN_CONSTANT_CONVERSION = YES;
				CLANG_WARN_DEPRECATED_OBJC_IMPLEMENTATIONS = YES;
				CLANG_WARN_DIRECT_OBJC_ISA_USAGE = YES_ERROR;
				CLANG_WARN_DOCUMENTATION_COMMENTS = YES;
				CLANG_WARN_EMPTY_BODY = YES;
				CLANG_WARN_ENUM_CONVERSION = YES;
				CLANG_WARN_INFINITE_RECURSION = YES;
				CLANG_WARN_INT_CONVERSION = YES;
				CLANG_WARN_NON_LITERAL_NULL_CONVERSION = YES;
				CLANG_WARN_OBJC_IMPLICIT_RETAIN_SELF = YES;
				CLANG_WARN_OBJC_LITERAL_CONVERSION = YES;
				CLANG_WARN_OBJC_ROOT_CLASS = YES_ERROR;
				CLANG_WARN_QUOTED_INCLUDE_IN_FRAMEWORK_HEADER = YES;
				CLANG_WARN_RANGE_LOOP_ANALYSIS = YES;
				CLANG_WARN_STRICT_PROTOTYPES = YES;
				CLANG_WARN_SUSPICIOUS_MOVE = YES;
				CLANG_WARN_UNGUARDED_AVAILABILITY = YES_AGGRESSIVE;
				CLANG_WARN_UNREACHABLE_CODE = YES;
				CLANG_WARN__DUPLICATE_METHOD_MATCH = YES;
				COPY_PHASE_STRIP = NO;
				DEBUG_INFORMATION_FORMAT = dwarf;
				ENABLE_STRICT_OBJC_MSGSEND = YES;
				ENABLE_TESTABILITY = YES;
				GCC_C_LANGUAGE_STANDARD = gnu11;
				GCC_DYNAMIC_NO_PIC = NO;
				GCC_NO_COMMON_BLOCKS = YES;
				GCC_OPTIMIZATION_LEVEL = 0;
				GCC_PREPROCESSOR_DEFINITIONS = (
					"DEBUG=1",
					"$(inherited)",
				);
				GCC_WARN_64_TO_32_BIT_CONVERSION = YES;
				GCC_WARN_ABOUT_RETURN_TYPE = YES_ERROR;
				GCC_WARN_UNDECLARED_SELECTOR = YES;
				GCC_WARN_UNINITIALIZED_AUTOS = YES_AGGRESSIVE;
				GCC_WARN_UNUSED_FUNCTION = YES;
				GCC_WARN_UNUSED_VARIABLE = YES;
				IPHONEOS_DEPLOYMENT_TARGET = 16.2;
				MTL_ENABLE_DEBUG_INFO = INCLUDE_SOURCE;
				MTL_FAST_MATH = YES;
				ONLY_ACTIVE_ARCH = YES;
				SDKROOT = iphoneos;
				SWIFT_ACTIVE_COMPILATION_CONDITIONS = DEBUG;
				SWIFT_OPTIMIZATION_LEVEL = "-Onone";
			};
			name = Debug;
		};
		5042D250299447A400BA61DF /* Release */ = {
			isa = XCBuildConfiguration;
			buildSettings = {
				ALWAYS_SEARCH_USER_PATHS = NO;
				CLANG_ANALYZER_NONNULL = YES;
				CLANG_ANALYZER_NUMBER_OBJECT_CONVERSION = YES_AGGRESSIVE;
				CLANG_CXX_LANGUAGE_STANDARD = "gnu++20";
				CLANG_ENABLE_MODULES = YES;
				CLANG_ENABLE_OBJC_ARC = YES;
				CLANG_ENABLE_OBJC_WEAK = YES;
				CLANG_WARN_BLOCK_CAPTURE_AUTORELEASING = YES;
				CLANG_WARN_BOOL_CONVERSION = YES;
				CLANG_WARN_COMMA = YES;
				CLANG_WARN_CONSTANT_CONVERSION = YES;
				CLANG_WARN_DEPRECATED_OBJC_IMPLEMENTATIONS = YES;
				CLANG_WARN_DIRECT_OBJC_ISA_USAGE = YES_ERROR;
				CLANG_WARN_DOCUMENTATION_COMMENTS = YES;
				CLANG_WARN_EMPTY_BODY = YES;
				CLANG_WARN_ENUM_CONVERSION = YES;
				CLANG_WARN_INFINITE_RECURSION = YES;
				CLANG_WARN_INT_CONVERSION = YES;
				CLANG_WARN_NON_LITERAL_NULL_CONVERSION = YES;
				CLANG_WARN_OBJC_IMPLICIT_RETAIN_SELF = YES;
				CLANG_WARN_OBJC_LITERAL_CONVERSION = YES;
				CLANG_WARN_OBJC_ROOT_CLASS = YES_ERROR;
				CLANG_WARN_QUOTED_INCLUDE_IN_FRAMEWORK_HEADER = YES;
				CLANG_WARN_RANGE_LOOP_ANALYSIS = YES;
				CLANG_WARN_STRICT_PROTOTYPES = YES;
				CLANG_WARN_SUSPICIOUS_MOVE = YES;
				CLANG_WARN_UNGUARDED_AVAILABILITY = YES_AGGRESSIVE;
				CLANG_WARN_UNREACHABLE_CODE = YES;
				CLANG_WARN__DUPLICATE_METHOD_MATCH = YES;
				COPY_PHASE_STRIP = NO;
				DEBUG_INFORMATION_FORMAT = "dwarf-with-dsym";
				ENABLE_NS_ASSERTIONS = NO;
				ENABLE_STRICT_OBJC_MSGSEND = YES;
				GCC_C_LANGUAGE_STANDARD = gnu11;
				GCC_NO_COMMON_BLOCKS = YES;
				GCC_WARN_64_TO_32_BIT_CONVERSION = YES;
				GCC_WARN_ABOUT_RETURN_TYPE = YES_ERROR;
				GCC_WARN_UNDECLARED_SELECTOR = YES;
				GCC_WARN_UNINITIALIZED_AUTOS = YES_AGGRESSIVE;
				GCC_WARN_UNUSED_FUNCTION = YES;
				GCC_WARN_UNUSED_VARIABLE = YES;
				IPHONEOS_DEPLOYMENT_TARGET = 16.2;
				MTL_ENABLE_DEBUG_INFO = NO;
				MTL_FAST_MATH = YES;
				SDKROOT = iphoneos;
				SWIFT_COMPILATION_MODE = wholemodule;
				SWIFT_OPTIMIZATION_LEVEL = "-O";
				VALIDATE_PRODUCT = YES;
			};
			name = Release;
		};
		5042D252299447A400BA61DF /* Debug */ = {
			isa = XCBuildConfiguration;
			buildSettings = {
				ASSETCATALOG_COMPILER_APPICON_NAME = AppIcon;
				ASSETCATALOG_COMPILER_GLOBAL_ACCENT_COLOR_NAME = AccentColor;
				CODE_SIGN_STYLE = Automatic;
				CURRENT_PROJECT_VERSION = 1;
				DEVELOPMENT_TEAM = 4KW3U8NUUP;
				GENERATE_INFOPLIST_FILE = YES;
				INFOPLIST_FILE = "Bidirectional CollectionView Example/Info.plist";
				INFOPLIST_KEY_UIApplicationSupportsIndirectInputEvents = YES;
				INFOPLIST_KEY_UILaunchStoryboardName = LaunchScreen;
				INFOPLIST_KEY_UIMainStoryboardFile = "";
				INFOPLIST_KEY_UISupportedInterfaceOrientations = UIInterfaceOrientationPortrait;
				INFOPLIST_KEY_UISupportedInterfaceOrientations_iPad = "UIInterfaceOrientationLandscapeRight UIInterfaceOrientationPortrait";
				IPHONEOS_DEPLOYMENT_TARGET = 14.0;
				LD_RUNPATH_SEARCH_PATHS = (
					"$(inherited)",
					"@executable_path/Frameworks",
				);
				MARKETING_VERSION = 1.0;
				PRODUCT_BUNDLE_IDENTIFIER = "maksim.gaisin.Bidirectional-CollectionView-Example";
				PRODUCT_NAME = "$(TARGET_NAME)";
				SUPPORTED_PLATFORMS = "iphoneos iphonesimulator";
				SUPPORTS_MACCATALYST = NO;
				SUPPORTS_MAC_DESIGNED_FOR_IPHONE_IPAD = YES;
				SWIFT_EMIT_LOC_STRINGS = YES;
				SWIFT_VERSION = 5.0;
				TARGETED_DEVICE_FAMILY = 1;
			};
			name = Debug;
		};
		5042D253299447A400BA61DF /* Release */ = {
			isa = XCBuildConfiguration;
			buildSettings = {
				ASSETCATALOG_COMPILER_APPICON_NAME = AppIcon;
				ASSETCATALOG_COMPILER_GLOBAL_ACCENT_COLOR_NAME = AccentColor;
				CODE_SIGN_STYLE = Automatic;
				CURRENT_PROJECT_VERSION = 1;
				DEVELOPMENT_TEAM = 4KW3U8NUUP;
				GENERATE_INFOPLIST_FILE = YES;
				INFOPLIST_FILE = "Bidirectional CollectionView Example/Info.plist";
				INFOPLIST_KEY_UIApplicationSupportsIndirectInputEvents = YES;
				INFOPLIST_KEY_UILaunchStoryboardName = LaunchScreen;
				INFOPLIST_KEY_UIMainStoryboardFile = "";
				INFOPLIST_KEY_UISupportedInterfaceOrientations = UIInterfaceOrientationPortrait;
				INFOPLIST_KEY_UISupportedInterfaceOrientations_iPad = "UIInterfaceOrientationLandscapeRight UIInterfaceOrientationPortrait";
				IPHONEOS_DEPLOYMENT_TARGET = 14.0;
				LD_RUNPATH_SEARCH_PATHS = (
					"$(inherited)",
					"@executable_path/Frameworks",
				);
				MARKETING_VERSION = 1.0;
				PRODUCT_BUNDLE_IDENTIFIER = "maksim.gaisin.Bidirectional-CollectionView-Example";
				PRODUCT_NAME = "$(TARGET_NAME)";
				SUPPORTED_PLATFORMS = "iphoneos iphonesimulator";
				SUPPORTS_MACCATALYST = NO;
				SUPPORTS_MAC_DESIGNED_FOR_IPHONE_IPAD = YES;
				SWIFT_EMIT_LOC_STRINGS = YES;
				SWIFT_VERSION = 5.0;
				TARGETED_DEVICE_FAMILY = 1;
			};
			name = Release;
		};
/* End XCBuildConfiguration section */

/* Begin XCConfigurationList section */
		5042D238299447A300BA61DF /* Build configuration list for PBXProject "Bidirectional CollectionView Example" */ = {
			isa = XCConfigurationList;
			buildConfigurations = (
				5042D24F299447A400BA61DF /* Debug */,
				5042D250299447A400BA61DF /* Release */,
			);
			defaultConfigurationIsVisible = 0;
			defaultConfigurationName = Release;
		};
		5042D251299447A400BA61DF /* Build configuration list for PBXNativeTarget "Bidirectional CollectionView Example" */ = {
			isa = XCConfigurationList;
			buildConfigurations = (
				5042D252299447A400BA61DF /* Debug */,
				5042D253299447A400BA61DF /* Release */,
			);
			defaultConfigurationIsVisible = 0;
			defaultConfigurationName = Release;
		};
/* End XCConfigurationList section */
	};
	rootObject = 5042D235299447A300BA61DF /* Project object */;
}
